Microsoft Visual Studio Solution File, Format Version 12.00
# Visual Studio Version 17
VisualStudioVersion = 17.5.2.0
MinimumVisualStudioVersion = 10.0.40219.1
Project("{FAE04EC0-301F-11D3-BF4B-00C04F79EFBC}") = "C-Sharp-Certification", "C-Sharp-Certification.csproj", "{4FC59E60-4609-491D-349C-BC28110C968C}"
EndProject
Global
	GlobalSection(SolutionConfigurationPlatforms) = preSolution
		Debug|Any CPU = Debug|Any CPU
		Release|Any CPU = Release|Any CPU
	EndGlobalSection
	GlobalSection(ProjectConfigurationPlatforms) = postSolution
		{4FC59E60-4609-491D-349C-BC28110C968C}.Debug|Any CPU.ActiveCfg = Debug|Any CPU
		{4FC59E60-4609-491D-349C-BC28110C968C}.Debug|Any CPU.Build.0 = Debug|Any CPU
		{4FC59E60-4609-491D-349C-BC28110C968C}.Release|Any CPU.ActiveCfg = Release|Any CPU
		{4FC59E60-4609-491D-349C-BC28110C968C}.Release|Any CPU.Build.0 = Release|Any CPU
	EndGlobalSection
	GlobalSection(SolutionProperties) = preSolution
		HideSolutionNode = FALSE
	EndGlobalSection
	GlobalSection(ExtensibilityGlobals) = postSolution
		SolutionGuid = {D22454A5-151B-4A68-A0BB-4D32DA4B6C65}
	EndGlobalSection
EndGlobal
